
Microsoft Visual Studio Solution File, Format Version 12.00
# Visual Studio Version 16
VisualStudioVersion = 16.0.32929.386
MinimumVisualStudioVersion = 10.0.40219.1
Project("{FAE04EC0-301F-11D3-BF4B-00C04F79EFBC}") = "CreationModel", "CreationModel\CreationModel.csproj", "{6E29803E-2CE6-40CC-A9E3-E4A4CBDA1386}"
EndProject
Global
	GlobalSection(SolutionConfigurationPlatforms) = preSolution
		Debug|Any CPU = Debug|Any CPU
		Release|Any CPU = Release|Any CPU
	EndGlobalSection
	GlobalSection(ProjectConfigurationPlatforms) = postSolution
		{6E29803E-2CE6-40CC-A9E3-E4A4CBDA1386}.Debug|Any CPU.ActiveCfg = Debug|Any CPU
		{6E29803E-2CE6-40CC-A9E3-E4A4CBDA1386}.Debug|Any CPU.Build.0 = Debug|Any CPU
		{6E29803E-2CE6-40CC-A9E3-E4A4CBDA1386}.Release|Any CPU.ActiveCfg = Release|Any CPU
		{6E29803E-2CE6-40CC-A9E3-E4A4CBDA1386}.Release|Any CPU.Build.0 = Release|Any CPU
	EndGlobalSection
	GlobalSection(SolutionProperties) = preSolution
		HideSolutionNode = FALSE
	EndGlobalSection
	GlobalSection(ExtensibilityGlobals) = postSolution
		SolutionGuid = {FDC1A3CC-0B12-40E5-9AB2-BB1A05357B2F}
	EndGlobalSection
EndGlobal
